
Microsoft Visual Studio Solution File, Format Version 12.00
# Visual Studio Version 17
VisualStudioVersion = 17.0.32014.148
MinimumVisualStudioVersion = 10.0.40219.1
Project("{9A19103F-16F7-4668-BE54-9A1E7A4F7556}") = "Models", "Models\Models.csproj", "{3020F48D-DAB7-4A60-972E-CED9FFB97E70}"
EndProject
Project("{9A19103F-16F7-4668-BE54-9A1E7A4F7556}") = "Persistance", "Persistance\Persistance.csproj", "{BC1FE0FC-C926-4474-9F4C-78A5E46AB143}"
EndProject
Project("{9A19103F-16F7-4668-BE54-9A1E7A4F7556}") = "Wpf", "Wpf\Wpf.csproj", "{ADCAFF67-1204-477D-9E7B-57426876F4C3}"
EndProject
Project("{9A19103F-16F7-4668-BE54-9A1E7A4F7556}") = "Dtos", "Dtos\Dtos.csproj", "{E954417D-6BD5-4D78-A562-486BFA941739}"
EndProject
Project("{2150E333-8FDC-42A3-9474-1A3956D46DE8}") = "1 - Client", "1 - Client", "{0A156349-D71C-41CF-988F-4B17C1C27955}"
EndProject
Project("{2150E333-8FDC-42A3-9474-1A3956D46DE8}") = "2 - Serveur", "2 - Serveur", "{2B5F8307-B95F-4967-A3DC-8D7E09C42E66}"
EndProject
Project("{2150E333-8FDC-42A3-9474-1A3956D46DE8}") = "3 - Shared", "3 - Shared", "{08A5D6EF-2431-4614-82F3-5EB9BD25FC7E}"
EndProject
Project("{9A19103F-16F7-4668-BE54-9A1E7A4F7556}") = "API", "API\API.csproj", "{BE47E236-4B99-402E-9C1B-B841F10CE7C1}"
EndProject
Project("{9A19103F-16F7-4668-BE54-9A1E7A4F7556}") = "Entities", "Entities\Entities.csproj", "{F5955089-F048-4711-9123-C985CBFB337A}"
EndProject
Project("{9A19103F-16F7-4668-BE54-9A1E7A4F7556}") = "ConsoleAppPopulateTest", "ConsoleAppPopulateTest\ConsoleAppPopulateTest.csproj", "{FBC0C2C2-97F7-4248-A9F6-B87DA92CFC1F}"
EndProject
Project("{9A19103F-16F7-4668-BE54-9A1E7A4F7556}") = "ApiDatas", "ApiDatas\ApiDatas.csproj", "{D6657D1A-8DC0-45DD-8923-9F91E4A9A6FE}"
EndProject
Project("{2150E333-8FDC-42A3-9474-1A3956D46DE8}") = "4 - Tests", "4 - Tests", "{9B3E3CD4-CD48-4046-B562-B1DEDBE64E2F}"
EndProject
Project("{9A19103F-16F7-4668-BE54-9A1E7A4F7556}") = "API.Tests", "API.Tests\API.Tests.csproj", "{DBA58709-918F-4678-BA41-71EC3B984B4A}"
EndProject
Project("{9A19103F-16F7-4668-BE54-9A1E7A4F7556}") = "TestNBomber", "TestNBomber\TestNBomber.csproj", "{C7CA063E-57A3-4AB0-963D-B0FBEB5C4E61}"
EndProject
Project("{9A19103F-16F7-4668-BE54-9A1E7A4F7556}") = "TestWindowsDriver", "TestWindowsDriver\TestWindowsDriver.csproj", "{7487D902-7A7E-4462-A91C-88A3CC42561D}"
EndProject
Project("{9A19103F-16F7-4668-BE54-9A1E7A4F7556}") = "Tools", "Tools\Tools.csproj", "{3288A4B2-8D7D-496A-93D4-7A4CFF1D3502}"
EndProject
Project("{FAE04EC0-301F-11D3-BF4B-00C04F79EFBC}") = "Ressources", "Ressources\Ressources.csproj", "{5C5B1A22-B3F8-4D4F-8D6F-3A105FC179E6}"
EndProject
Global
	GlobalSection(SolutionConfigurationPlatforms) = preSolution
		Debug|Any CPU = Debug|Any CPU
		Release|Any CPU = Release|Any CPU
	EndGlobalSection
	GlobalSection(ProjectConfigurationPlatforms) = postSolution
		{3020F48D-DAB7-4A60-972E-CED9FFB97E70}.Debug|Any CPU.ActiveCfg = Debug|Any CPU
		{3020F48D-DAB7-4A60-972E-CED9FFB97E70}.Debug|Any CPU.Build.0 = Debug|Any CPU
		{3020F48D-DAB7-4A60-972E-CED9FFB97E70}.Release|Any CPU.ActiveCfg = Release|Any CPU
		{3020F48D-DAB7-4A60-972E-CED9FFB97E70}.Release|Any CPU.Build.0 = Release|Any CPU
		{BC1FE0FC-C926-4474-9F4C-78A5E46AB143}.Debug|Any CPU.ActiveCfg = Debug|Any CPU
		{BC1FE0FC-C926-4474-9F4C-78A5E46AB143}.Debug|Any CPU.Build.0 = Debug|Any CPU
		{BC1FE0FC-C926-4474-9F4C-78A5E46AB143}.Release|Any CPU.ActiveCfg = Release|Any CPU
		{BC1FE0FC-C926-4474-9F4C-78A5E46AB143}.Release|Any CPU.Build.0 = Release|Any CPU
		{ADCAFF67-1204-477D-9E7B-57426876F4C3}.Debug|Any CPU.ActiveCfg = Debug|Any CPU
		{ADCAFF67-1204-477D-9E7B-57426876F4C3}.Debug|Any CPU.Build.0 = Debug|Any CPU
		{ADCAFF67-1204-477D-9E7B-57426876F4C3}.Release|Any CPU.ActiveCfg = Release|Any CPU
		{ADCAFF67-1204-477D-9E7B-57426876F4C3}.Release|Any CPU.Build.0 = Release|Any CPU
		{E954417D-6BD5-4D78-A562-486BFA941739}.Debug|Any CPU.ActiveCfg = Debug|Any CPU
		{E954417D-6BD5-4D78-A562-486BFA941739}.Debug|Any CPU.Build.0 = Debug|Any CPU
		{E954417D-6BD5-4D78-A562-486BFA941739}.Release|Any CPU.ActiveCfg = Release|Any CPU
		{E954417D-6BD5-4D78-A562-486BFA941739}.Release|Any CPU.Build.0 = Release|Any CPU
		{BE47E236-4B99-402E-9C1B-B841F10CE7C1}.Debug|Any CPU.ActiveCfg = Debug|Any CPU
		{BE47E236-4B99-402E-9C1B-B841F10CE7C1}.Debug|Any CPU.Build.0 = Debug|Any CPU
		{BE47E236-4B99-402E-9C1B-B841F10CE7C1}.Release|Any CPU.ActiveCfg = Release|Any CPU
		{BE47E236-4B99-402E-9C1B-B841F10CE7C1}.Release|Any CPU.Build.0 = Release|Any CPU
		{F5955089-F048-4711-9123-C985CBFB337A}.Debug|Any CPU.ActiveCfg = Debug|Any CPU
		{F5955089-F048-4711-9123-C985CBFB337A}.Debug|Any CPU.Build.0 = Debug|Any CPU
		{F5955089-F048-4711-9123-C985CBFB337A}.Release|Any CPU.ActiveCfg = Release|Any CPU
		{F5955089-F048-4711-9123-C985CBFB337A}.Release|Any CPU.Build.0 = Release|Any CPU
		{FBC0C2C2-97F7-4248-A9F6-B87DA92CFC1F}.Debug|Any CPU.ActiveCfg = Debug|Any CPU
		{FBC0C2C2-97F7-4248-A9F6-B87DA92CFC1F}.Debug|Any CPU.Build.0 = Debug|Any CPU
		{FBC0C2C2-97F7-4248-A9F6-B87DA92CFC1F}.Release|Any CPU.ActiveCfg = Release|Any CPU
		{FBC0C2C2-97F7-4248-A9F6-B87DA92CFC1F}.Release|Any CPU.Build.0 = Release|Any CPU
		{D6657D1A-8DC0-45DD-8923-9F91E4A9A6FE}.Debug|Any CPU.ActiveCfg = Debug|Any CPU
		{D6657D1A-8DC0-45DD-8923-9F91E4A9A6FE}.Debug|Any CPU.Build.0 = Debug|Any CPU
		{D6657D1A-8DC0-45DD-8923-9F91E4A9A6FE}.Release|Any CPU.ActiveCfg = Release|Any CPU
		{D6657D1A-8DC0-45DD-8923-9F91E4A9A6FE}.Release|Any CPU.Build.0 = Release|Any CPU
		{DBA58709-918F-4678-BA41-71EC3B984B4A}.Debug|Any CPU.ActiveCfg = Debug|Any CPU
		{DBA58709-918F-4678-BA41-71EC3B984B4A}.Debug|Any CPU.Build.0 = Debug|Any CPU
		{DBA58709-918F-4678-BA41-71EC3B984B4A}.Release|Any CPU.ActiveCfg = Release|Any CPU
		{DBA58709-918F-4678-BA41-71EC3B984B4A}.Release|Any CPU.Build.0 = Release|Any CPU
		{C7CA063E-57A3-4AB0-963D-B0FBEB5C4E61}.Debug|Any CPU.ActiveCfg = Debug|Any CPU
		{C7CA063E-57A3-4AB0-963D-B0FBEB5C4E61}.Debug|Any CPU.Build.0 = Debug|Any CPU
		{C7CA063E-57A3-4AB0-963D-B0FBEB5C4E61}.Release|Any CPU.ActiveCfg = Release|Any CPU
		{C7CA063E-57A3-4AB0-963D-B0FBEB5C4E61}.Release|Any CPU.Build.0 = Release|Any CPU
		{7487D902-7A7E-4462-A91C-88A3CC42561D}.Debug|Any CPU.ActiveCfg = Debug|Any CPU
		{7487D902-7A7E-4462-A91C-88A3CC42561D}.Debug|Any CPU.Build.0 = Debug|Any CPU
		{7487D902-7A7E-4462-A91C-88A3CC42561D}.Release|Any CPU.ActiveCfg = Release|Any CPU
		{7487D902-7A7E-4462-A91C-88A3CC42561D}.Release|Any CPU.Build.0 = Release|Any CPU
		{3288A4B2-8D7D-496A-93D4-7A4CFF1D3502}.Debug|Any CPU.ActiveCfg = Debug|Any CPU
		{3288A4B2-8D7D-496A-93D4-7A4CFF1D3502}.Debug|Any CPU.Build.0 = Debug|Any CPU
		{3288A4B2-8D7D-496A-93D4-7A4CFF1D3502}.Release|Any CPU.ActiveCfg = Release|Any CPU
		{3288A4B2-8D7D-496A-93D4-7A4CFF1D3502}.Release|Any CPU.Build.0 = Release|Any CPU
		{5C5B1A22-B3F8-4D4F-8D6F-3A105FC179E6}.Debug|Any CPU.ActiveCfg = Debug|Any CPU
		{5C5B1A22-B3F8-4D4F-8D6F-3A105FC179E6}.Debug|Any CPU.Build.0 = Debug|Any CPU
		{5C5B1A22-B3F8-4D4F-8D6F-3A105FC179E6}.Release|Any CPU.ActiveCfg = Release|Any CPU
		{5C5B1A22-B3F8-4D4F-8D6F-3A105FC179E6}.Release|Any CPU.Build.0 = Release|Any CPU
	EndGlobalSection
	GlobalSection(SolutionProperties) = preSolution
		HideSolutionNode = FALSE
	EndGlobalSection
	GlobalSection(NestedProjects) = preSolution
		{3020F48D-DAB7-4A60-972E-CED9FFB97E70} = {0A156349-D71C-41CF-988F-4B17C1C27955}
		{BC1FE0FC-C926-4474-9F4C-78A5E46AB143} = {2B5F8307-B95F-4967-A3DC-8D7E09C42E66}
		{ADCAFF67-1204-477D-9E7B-57426876F4C3} = {0A156349-D71C-41CF-988F-4B17C1C27955}
		{E954417D-6BD5-4D78-A562-486BFA941739} = {08A5D6EF-2431-4614-82F3-5EB9BD25FC7E}
		{BE47E236-4B99-402E-9C1B-B841F10CE7C1} = {2B5F8307-B95F-4967-A3DC-8D7E09C42E66}
		{F5955089-F048-4711-9123-C985CBFB337A} = {2B5F8307-B95F-4967-A3DC-8D7E09C42E66}
		{FBC0C2C2-97F7-4248-A9F6-B87DA92CFC1F} = {0A156349-D71C-41CF-988F-4B17C1C27955}
		{D6657D1A-8DC0-45DD-8923-9F91E4A9A6FE} = {0A156349-D71C-41CF-988F-4B17C1C27955}
		{DBA58709-918F-4678-BA41-71EC3B984B4A} = {9B3E3CD4-CD48-4046-B562-B1DEDBE64E2F}
		{C7CA063E-57A3-4AB0-963D-B0FBEB5C4E61} = {9B3E3CD4-CD48-4046-B562-B1DEDBE64E2F}
		{7487D902-7A7E-4462-A91C-88A3CC42561D} = {9B3E3CD4-CD48-4046-B562-B1DEDBE64E2F}
		{3288A4B2-8D7D-496A-93D4-7A4CFF1D3502} = {08A5D6EF-2431-4614-82F3-5EB9BD25FC7E}
		{5C5B1A22-B3F8-4D4F-8D6F-3A105FC179E6} = {08A5D6EF-2431-4614-82F3-5EB9BD25FC7E}
	EndGlobalSection
	GlobalSection(ExtensibilityGlobals) = postSolution
		SolutionGuid = {1485CE39-FCFB-4EB4-B726-6C693755394E}
	EndGlobalSection
EndGlobal
