
Microsoft Visual Studio Solution File, Format Version 12.00
# Visual Studio Version 17
VisualStudioVersion = 17.0.32014.148
MinimumVisualStudioVersion = 10.0.40219.1
Project("{FAE04EC0-301F-11D3-BF4B-00C04F79EFBC}") = "Model", "Model\Model.csproj", "{3020F48D-DAB7-4A60-972E-CED9FFB97E70}"
EndProject
Project("{FAE04EC0-301F-11D3-BF4B-00C04F79EFBC}") = "Persistance", "Persistance\Persistance.csproj", "{BC1FE0FC-C926-4474-9F4C-78A5E46AB143}"
EndProject
Project("{FAE04EC0-301F-11D3-BF4B-00C04F79EFBC}") = "Wpf", "Wpf\Wpf.csproj", "{ADCAFF67-1204-477D-9E7B-57426876F4C3}"
EndProject
Project("{FAE04EC0-301F-11D3-BF4B-00C04F79EFBC}") = "Wcf", "Wcf\Wcf.csproj", "{108964FE-48AB-4C33-8825-E8987D955A16}"
EndProject
Project("{FAE04EC0-301F-11D3-BF4B-00C04F79EFBC}") = "Dtos", "Dtos\Dtos.csproj", "{E954417D-6BD5-4D78-A562-486BFA941739}"
EndProject
Project("{FAE04EC0-301F-11D3-BF4B-00C04F79EFBC}") = "Extension", "Extension\Extension.csproj", "{7F2228BB-BAE7-4A90-ACA1-1A22DC6D44EE}"
EndProject
Project("{2150E333-8FDC-42A3-9474-1A3956D46DE8}") = "Client", "Client", "{0A156349-D71C-41CF-988F-4B17C1C27955}"
EndProject
Project("{2150E333-8FDC-42A3-9474-1A3956D46DE8}") = "Serveur", "Serveur", "{2B5F8307-B95F-4967-A3DC-8D7E09C42E66}"
EndProject
Project("{2150E333-8FDC-42A3-9474-1A3956D46DE8}") = "Shared", "Shared", "{08A5D6EF-2431-4614-82F3-5EB9BD25FC7E}"
EndProject
Global
	GlobalSection(SolutionConfigurationPlatforms) = preSolution
		Debug|Any CPU = Debug|Any CPU
		Release|Any CPU = Release|Any CPU
	EndGlobalSection
	GlobalSection(ProjectConfigurationPlatforms) = postSolution
		{3020F48D-DAB7-4A60-972E-CED9FFB97E70}.Debug|Any CPU.ActiveCfg = Debug|Any CPU
		{3020F48D-DAB7-4A60-972E-CED9FFB97E70}.Debug|Any CPU.Build.0 = Debug|Any CPU
		{3020F48D-DAB7-4A60-972E-CED9FFB97E70}.Release|Any CPU.ActiveCfg = Release|Any CPU
		{3020F48D-DAB7-4A60-972E-CED9FFB97E70}.Release|Any CPU.Build.0 = Release|Any CPU
		{BC1FE0FC-C926-4474-9F4C-78A5E46AB143}.Debug|Any CPU.ActiveCfg = Debug|Any CPU
		{BC1FE0FC-C926-4474-9F4C-78A5E46AB143}.Debug|Any CPU.Build.0 = Debug|Any CPU
		{BC1FE0FC-C926-4474-9F4C-78A5E46AB143}.Release|Any CPU.ActiveCfg = Release|Any CPU
		{BC1FE0FC-C926-4474-9F4C-78A5E46AB143}.Release|Any CPU.Build.0 = Release|Any CPU
		{ADCAFF67-1204-477D-9E7B-57426876F4C3}.Debug|Any CPU.ActiveCfg = Debug|Any CPU
		{ADCAFF67-1204-477D-9E7B-57426876F4C3}.Debug|Any CPU.Build.0 = Debug|Any CPU
		{ADCAFF67-1204-477D-9E7B-57426876F4C3}.Release|Any CPU.ActiveCfg = Release|Any CPU
		{ADCAFF67-1204-477D-9E7B-57426876F4C3}.Release|Any CPU.Build.0 = Release|Any CPU
		{108964FE-48AB-4C33-8825-E8987D955A16}.Debug|Any CPU.ActiveCfg = Debug|Any CPU
		{108964FE-48AB-4C33-8825-E8987D955A16}.Debug|Any CPU.Build.0 = Debug|Any CPU
		{108964FE-48AB-4C33-8825-E8987D955A16}.Release|Any CPU.ActiveCfg = Release|Any CPU
		{108964FE-48AB-4C33-8825-E8987D955A16}.Release|Any CPU.Build.0 = Release|Any CPU
		{E954417D-6BD5-4D78-A562-486BFA941739}.Debug|Any CPU.ActiveCfg = Debug|Any CPU
		{E954417D-6BD5-4D78-A562-486BFA941739}.Debug|Any CPU.Build.0 = Debug|Any CPU
		{E954417D-6BD5-4D78-A562-486BFA941739}.Release|Any CPU.ActiveCfg = Release|Any CPU
		{E954417D-6BD5-4D78-A562-486BFA941739}.Release|Any CPU.Build.0 = Release|Any CPU
		{7F2228BB-BAE7-4A90-ACA1-1A22DC6D44EE}.Debug|Any CPU.ActiveCfg = Debug|Any CPU
		{7F2228BB-BAE7-4A90-ACA1-1A22DC6D44EE}.Debug|Any CPU.Build.0 = Debug|Any CPU
		{7F2228BB-BAE7-4A90-ACA1-1A22DC6D44EE}.Release|Any CPU.ActiveCfg = Release|Any CPU
		{7F2228BB-BAE7-4A90-ACA1-1A22DC6D44EE}.Release|Any CPU.Build.0 = Release|Any CPU
	EndGlobalSection
	GlobalSection(SolutionProperties) = preSolution
		HideSolutionNode = FALSE
	EndGlobalSection
	GlobalSection(NestedProjects) = preSolution
		{3020F48D-DAB7-4A60-972E-CED9FFB97E70} = {08A5D6EF-2431-4614-82F3-5EB9BD25FC7E}
		{BC1FE0FC-C926-4474-9F4C-78A5E46AB143} = {08A5D6EF-2431-4614-82F3-5EB9BD25FC7E}
		{ADCAFF67-1204-477D-9E7B-57426876F4C3} = {0A156349-D71C-41CF-988F-4B17C1C27955}
		{108964FE-48AB-4C33-8825-E8987D955A16} = {2B5F8307-B95F-4967-A3DC-8D7E09C42E66}
		{E954417D-6BD5-4D78-A562-486BFA941739} = {08A5D6EF-2431-4614-82F3-5EB9BD25FC7E}
		{7F2228BB-BAE7-4A90-ACA1-1A22DC6D44EE} = {08A5D6EF-2431-4614-82F3-5EB9BD25FC7E}
	EndGlobalSection
	GlobalSection(ExtensibilityGlobals) = postSolution
		SolutionGuid = {1485CE39-FCFB-4EB4-B726-6C693755394E}
	EndGlobalSection
EndGlobal
