
Microsoft Visual Studio Solution File, Format Version 12.00
# Visual Studio Version 17
VisualStudioVersion = 17.0.32014.148
MinimumVisualStudioVersion = 10.0.40219.1
Project("{9A19103F-16F7-4668-BE54-9A1E7A4F7556}") = "Entities", "Entities\Entities.csproj", "{FAD2BC6A-0CA7-40C7-832C-F96BAC1DB3DE}"
EndProject
Project("{9A19103F-16F7-4668-BE54-9A1E7A4F7556}") = "API", "API\API.csproj", "{542911D2-01C5-4A6B-8A2A-F6F04F09E3DB}"
EndProject
Project("{9A19103F-16F7-4668-BE54-9A1E7A4F7556}") = "Dtos", "Dtos\Dtos.csproj", "{0E0505DF-CB4D-4F9A-A1F2-B121A4292A2D}"
EndProject
Project("{9A19103F-16F7-4668-BE54-9A1E7A4F7556}") = "Models", "Models\Models.csproj", "{3264CEDF-5205-453E-BC2F-FC3E2BE088F1}"
EndProject
Project("{9A19103F-16F7-4668-BE54-9A1E7A4F7556}") = "Extensions", "Extensions\Extensions.csproj", "{80EAE50E-A854-4EB2-93B2-F97A4E4D0FEC}"
EndProject
Project("{9A19103F-16F7-4668-BE54-9A1E7A4F7556}") = "Perstistance", "Perstistance\Perstistance.csproj", "{582C5C1F-55B3-42B8-9C06-2F11DEF33873}"
EndProject
Project("{9A19103F-16F7-4668-BE54-9A1E7A4F7556}") = "ConsoleApp", "ConsoleApp\ConsoleApp.csproj", "{7B3426E9-8E61-450B-AF41-6F9B50974298}"
EndProject
Project("{9A19103F-16F7-4668-BE54-9A1E7A4F7556}") = "ApiToBddConsoleApp", "ApiToBddConsoleApp\ApiToBddConsoleApp.csproj", "{B4DB62DF-F3E2-4DD8-88C2-A33C15C9C4B3}"
EndProject
Global
	GlobalSection(SolutionConfigurationPlatforms) = preSolution
		Debug|Any CPU = Debug|Any CPU
		Release|Any CPU = Release|Any CPU
	EndGlobalSection
	GlobalSection(ProjectConfigurationPlatforms) = postSolution
		{FAD2BC6A-0CA7-40C7-832C-F96BAC1DB3DE}.Debug|Any CPU.ActiveCfg = Debug|Any CPU
		{FAD2BC6A-0CA7-40C7-832C-F96BAC1DB3DE}.Debug|Any CPU.Build.0 = Debug|Any CPU
		{FAD2BC6A-0CA7-40C7-832C-F96BAC1DB3DE}.Release|Any CPU.ActiveCfg = Release|Any CPU
		{FAD2BC6A-0CA7-40C7-832C-F96BAC1DB3DE}.Release|Any CPU.Build.0 = Release|Any CPU
		{542911D2-01C5-4A6B-8A2A-F6F04F09E3DB}.Debug|Any CPU.ActiveCfg = Debug|Any CPU
		{542911D2-01C5-4A6B-8A2A-F6F04F09E3DB}.Debug|Any CPU.Build.0 = Debug|Any CPU
		{542911D2-01C5-4A6B-8A2A-F6F04F09E3DB}.Release|Any CPU.ActiveCfg = Release|Any CPU
		{542911D2-01C5-4A6B-8A2A-F6F04F09E3DB}.Release|Any CPU.Build.0 = Release|Any CPU
		{0E0505DF-CB4D-4F9A-A1F2-B121A4292A2D}.Debug|Any CPU.ActiveCfg = Debug|Any CPU
		{0E0505DF-CB4D-4F9A-A1F2-B121A4292A2D}.Debug|Any CPU.Build.0 = Debug|Any CPU
		{0E0505DF-CB4D-4F9A-A1F2-B121A4292A2D}.Release|Any CPU.ActiveCfg = Release|Any CPU
		{0E0505DF-CB4D-4F9A-A1F2-B121A4292A2D}.Release|Any CPU.Build.0 = Release|Any CPU
		{3264CEDF-5205-453E-BC2F-FC3E2BE088F1}.Debug|Any CPU.ActiveCfg = Debug|Any CPU
		{3264CEDF-5205-453E-BC2F-FC3E2BE088F1}.Debug|Any CPU.Build.0 = Debug|Any CPU
		{3264CEDF-5205-453E-BC2F-FC3E2BE088F1}.Release|Any CPU.ActiveCfg = Release|Any CPU
		{3264CEDF-5205-453E-BC2F-FC3E2BE088F1}.Release|Any CPU.Build.0 = Release|Any CPU
		{80EAE50E-A854-4EB2-93B2-F97A4E4D0FEC}.Debug|Any CPU.ActiveCfg = Debug|Any CPU
		{80EAE50E-A854-4EB2-93B2-F97A4E4D0FEC}.Debug|Any CPU.Build.0 = Debug|Any CPU
		{80EAE50E-A854-4EB2-93B2-F97A4E4D0FEC}.Release|Any CPU.ActiveCfg = Release|Any CPU
		{80EAE50E-A854-4EB2-93B2-F97A4E4D0FEC}.Release|Any CPU.Build.0 = Release|Any CPU
		{582C5C1F-55B3-42B8-9C06-2F11DEF33873}.Debug|Any CPU.ActiveCfg = Debug|Any CPU
		{582C5C1F-55B3-42B8-9C06-2F11DEF33873}.Debug|Any CPU.Build.0 = Debug|Any CPU
		{582C5C1F-55B3-42B8-9C06-2F11DEF33873}.Release|Any CPU.ActiveCfg = Release|Any CPU
		{582C5C1F-55B3-42B8-9C06-2F11DEF33873}.Release|Any CPU.Build.0 = Release|Any CPU
		{7B3426E9-8E61-450B-AF41-6F9B50974298}.Debug|Any CPU.ActiveCfg = Debug|Any CPU
		{7B3426E9-8E61-450B-AF41-6F9B50974298}.Debug|Any CPU.Build.0 = Debug|Any CPU
		{7B3426E9-8E61-450B-AF41-6F9B50974298}.Release|Any CPU.ActiveCfg = Release|Any CPU
		{7B3426E9-8E61-450B-AF41-6F9B50974298}.Release|Any CPU.Build.0 = Release|Any CPU
		{B4DB62DF-F3E2-4DD8-88C2-A33C15C9C4B3}.Debug|Any CPU.ActiveCfg = Debug|Any CPU
		{B4DB62DF-F3E2-4DD8-88C2-A33C15C9C4B3}.Debug|Any CPU.Build.0 = Debug|Any CPU
		{B4DB62DF-F3E2-4DD8-88C2-A33C15C9C4B3}.Release|Any CPU.ActiveCfg = Release|Any CPU
		{B4DB62DF-F3E2-4DD8-88C2-A33C15C9C4B3}.Release|Any CPU.Build.0 = Release|Any CPU
	EndGlobalSection
	GlobalSection(SolutionProperties) = preSolution
		HideSolutionNode = FALSE
	EndGlobalSection
	GlobalSection(ExtensibilityGlobals) = postSolution
		SolutionGuid = {19CF940C-1D3C-4968-AD19-71DEB3990080}
	EndGlobalSection
EndGlobal
